
Microsoft Visual Studio Solution File, Format Version 12.00
# Visual Studio Version 16
VisualStudioVersion = 16.0.31313.79
MinimumVisualStudioVersion = 10.0.40219.1
Project("{FAE04EC0-301F-11D3-BF4B-00C04F79EFBC}") = "DCConnection", "DCConnection\DCConnection.csproj", "{D02C05A6-F3AF-4432-9F06-A7AAC72FEB34}"
EndProject
Global
	GlobalSection(SolutionConfigurationPlatforms) = preSolution
		Debug|Any CPU = Debug|Any CPU
		Release|Any CPU = Release|Any CPU
	EndGlobalSection
	GlobalSection(ProjectConfigurationPlatforms) = postSolution
		{D02C05A6-F3AF-4432-9F06-A7AAC72FEB34}.Debug|Any CPU.ActiveCfg = Debug|Any CPU
		{D02C05A6-F3AF-4432-9F06-A7AAC72FEB34}.Debug|Any CPU.Build.0 = Debug|Any CPU
		{D02C05A6-F3AF-4432-9F06-A7AAC72FEB34}.Release|Any CPU.ActiveCfg = Release|Any CPU
		{D02C05A6-F3AF-4432-9F06-A7AAC72FEB34}.Release|Any CPU.Build.0 = Release|Any CPU
	EndGlobalSection
	GlobalSection(SolutionProperties) = preSolution
		HideSolutionNode = FALSE
	EndGlobalSection
	GlobalSection(ExtensibilityGlobals) = postSolution
		SolutionGuid = {CD675E3B-0C79-4F8E-92DE-1EC147D18090}
	EndGlobalSection
EndGlobal
